
Microsoft Visual Studio Solution File, Format Version 12.00
# Visual Studio 14
VisualStudioVersion = 14.0.25420.1
MinimumVisualStudioVersion = 10.0.40219.1
Project("{FAE04EC0-301F-11D3-BF4B-00C04F79EFBC}") = "DapperApps.WinRT.Toolkit", "DapperApps.WinRT.Toolkit\DapperApps.WinRT.Toolkit.csproj", "{FAE5731F-FB81-4C03-9438-C4FCD041E577}"
EndProject
Project("{FAE04EC0-301F-11D3-BF4B-00C04F79EFBC}") = "DapperToolkitSamples", "DapperToolkitSamples\DapperToolkitSamples.csproj", "{F6D24FCA-CE05-4B44-811F-E1D96E6F6CBF}"
EndProject
Project("{D954291E-2A0B-460D-934E-DC6B0785DB48}") = "DapperToolkitSamples.UILogic", "DapperToolkitSamples.UILogic\DapperToolkitSamples.UILogic.shproj", "{961B2D43-55EB-4473-8C7B-152881B8E2C2}"
EndProject
Global
	GlobalSection(SharedMSBuildProjectFiles) = preSolution
		DapperToolkitSamples.UILogic\DapperToolkitSamples.UILogic.projitems*{961b2d43-55eb-4473-8c7b-152881b8e2c2}*SharedItemsImports = 13
		DapperToolkitSamples.UILogic\DapperToolkitSamples.UILogic.projitems*{f6d24fca-ce05-4b44-811f-e1d96e6f6cbf}*SharedItemsImports = 4
	EndGlobalSection
	GlobalSection(SolutionConfigurationPlatforms) = preSolution
		Debug|Any CPU = Debug|Any CPU
		Debug|ARM = Debug|ARM
		Debug|Mixed Platforms = Debug|Mixed Platforms
		Debug|x64 = Debug|x64
		Debug|x86 = Debug|x86
		Release|Any CPU = Release|Any CPU
		Release|ARM = Release|ARM
		Release|Mixed Platforms = Release|Mixed Platforms
		Release|x64 = Release|x64
		Release|x86 = Release|x86
	EndGlobalSection
	GlobalSection(ProjectConfigurationPlatforms) = postSolution
		{FAE5731F-FB81-4C03-9438-C4FCD041E577}.Debug|Any CPU.ActiveCfg = Debug|Any CPU
		{FAE5731F-FB81-4C03-9438-C4FCD041E577}.Debug|Any CPU.Build.0 = Debug|Any CPU
		{FAE5731F-FB81-4C03-9438-C4FCD041E577}.Debug|ARM.ActiveCfg = Debug|ARM
		{FAE5731F-FB81-4C03-9438-C4FCD041E577}.Debug|ARM.Build.0 = Debug|ARM
		{FAE5731F-FB81-4C03-9438-C4FCD041E577}.Debug|Mixed Platforms.ActiveCfg = Debug|x86
		{FAE5731F-FB81-4C03-9438-C4FCD041E577}.Debug|Mixed Platforms.Build.0 = Debug|x86
		{FAE5731F-FB81-4C03-9438-C4FCD041E577}.Debug|x64.ActiveCfg = Debug|Any CPU
		{FAE5731F-FB81-4C03-9438-C4FCD041E577}.Debug|x64.Build.0 = Debug|Any CPU
		{FAE5731F-FB81-4C03-9438-C4FCD041E577}.Debug|x86.ActiveCfg = Debug|x86
		{FAE5731F-FB81-4C03-9438-C4FCD041E577}.Debug|x86.Build.0 = Debug|x86
		{FAE5731F-FB81-4C03-9438-C4FCD041E577}.Release|Any CPU.ActiveCfg = Release|Any CPU
		{FAE5731F-FB81-4C03-9438-C4FCD041E577}.Release|Any CPU.Build.0 = Release|Any CPU
		{FAE5731F-FB81-4C03-9438-C4FCD041E577}.Release|ARM.ActiveCfg = Release|ARM
		{FAE5731F-FB81-4C03-9438-C4FCD041E577}.Release|ARM.Build.0 = Release|ARM
		{FAE5731F-FB81-4C03-9438-C4FCD041E577}.Release|Mixed Platforms.ActiveCfg = Release|x86
		{FAE5731F-FB81-4C03-9438-C4FCD041E577}.Release|Mixed Platforms.Build.0 = Release|x86
		{FAE5731F-FB81-4C03-9438-C4FCD041E577}.Release|x64.ActiveCfg = Release|Any CPU
		{FAE5731F-FB81-4C03-9438-C4FCD041E577}.Release|x64.Build.0 = Release|Any CPU
		{FAE5731F-FB81-4C03-9438-C4FCD041E577}.Release|x86.ActiveCfg = Release|x86
		{FAE5731F-FB81-4C03-9438-C4FCD041E577}.Release|x86.Build.0 = Release|x86
		{F6D24FCA-CE05-4B44-811F-E1D96E6F6CBF}.Debug|Any CPU.ActiveCfg = Debug|Any CPU
		{F6D24FCA-CE05-4B44-811F-E1D96E6F6CBF}.Debug|Any CPU.Build.0 = Debug|Any CPU
		{F6D24FCA-CE05-4B44-811F-E1D96E6F6CBF}.Debug|Any CPU.Deploy.0 = Debug|Any CPU
		{F6D24FCA-CE05-4B44-811F-E1D96E6F6CBF}.Debug|ARM.ActiveCfg = Debug|ARM
		{F6D24FCA-CE05-4B44-811F-E1D96E6F6CBF}.Debug|ARM.Build.0 = Debug|ARM
		{F6D24FCA-CE05-4B44-811F-E1D96E6F6CBF}.Debug|ARM.Deploy.0 = Debug|ARM
		{F6D24FCA-CE05-4B44-811F-E1D96E6F6CBF}.Debug|Mixed Platforms.ActiveCfg = Debug|x86
		{F6D24FCA-CE05-4B44-811F-E1D96E6F6CBF}.Debug|Mixed Platforms.Build.0 = Debug|x86
		{F6D24FCA-CE05-4B44-811F-E1D96E6F6CBF}.Debug|Mixed Platforms.Deploy.0 = Debug|x86
		{F6D24FCA-CE05-4B44-811F-E1D96E6F6CBF}.Debug|x64.ActiveCfg = Debug|Any CPU
		{F6D24FCA-CE05-4B44-811F-E1D96E6F6CBF}.Debug|x64.Build.0 = Debug|Any CPU
		{F6D24FCA-CE05-4B44-811F-E1D96E6F6CBF}.Debug|x64.Deploy.0 = Debug|Any CPU
		{F6D24FCA-CE05-4B44-811F-E1D96E6F6CBF}.Debug|x86.ActiveCfg = Debug|x86
		{F6D24FCA-CE05-4B44-811F-E1D96E6F6CBF}.Debug|x86.Build.0 = Debug|x86
		{F6D24FCA-CE05-4B44-811F-E1D96E6F6CBF}.Debug|x86.Deploy.0 = Debug|x86
		{F6D24FCA-CE05-4B44-811F-E1D96E6F6CBF}.Release|Any CPU.ActiveCfg = Release|Any CPU
		{F6D24FCA-CE05-4B44-811F-E1D96E6F6CBF}.Release|Any CPU.Build.0 = Release|Any CPU
		{F6D24FCA-CE05-4B44-811F-E1D96E6F6CBF}.Release|Any CPU.Deploy.0 = Release|Any CPU
		{F6D24FCA-CE05-4B44-811F-E1D96E6F6CBF}.Release|ARM.ActiveCfg = Release|ARM
		{F6D24FCA-CE05-4B44-811F-E1D96E6F6CBF}.Release|ARM.Build.0 = Release|ARM
		{F6D24FCA-CE05-4B44-811F-E1D96E6F6CBF}.Release|ARM.Deploy.0 = Release|ARM
		{F6D24FCA-CE05-4B44-811F-E1D96E6F6CBF}.Release|Mixed Platforms.ActiveCfg = Release|x86
		{F6D24FCA-CE05-4B44-811F-E1D96E6F6CBF}.Release|Mixed Platforms.Build.0 = Release|x86
		{F6D24FCA-CE05-4B44-811F-E1D96E6F6CBF}.Release|Mixed Platforms.Deploy.0 = Release|x86
		{F6D24FCA-CE05-4B44-811F-E1D96E6F6CBF}.Release|x64.ActiveCfg = Release|Any CPU
		{F6D24FCA-CE05-4B44-811F-E1D96E6F6CBF}.Release|x64.Build.0 = Release|Any CPU
		{F6D24FCA-CE05-4B44-811F-E1D96E6F6CBF}.Release|x64.Deploy.0 = Release|Any CPU
		{F6D24FCA-CE05-4B44-811F-E1D96E6F6CBF}.Release|x86.ActiveCfg = Release|x86
		{F6D24FCA-CE05-4B44-811F-E1D96E6F6CBF}.Release|x86.Build.0 = Release|x86
		{F6D24FCA-CE05-4B44-811F-E1D96E6F6CBF}.Release|x86.Deploy.0 = Release|x86
	EndGlobalSection
	GlobalSection(SolutionProperties) = preSolution
		HideSolutionNode = FALSE
	EndGlobalSection
EndGlobal
